// !$*UTF8*$!
{
	archiveVersion = 1;
	classes = {
	};
	objectVersion = 50;
	objects = {

/* Begin PBXBuildFile section */
		0B5DCB00E1304266FA6CAD92 /* Pods_VegetableMall.framework in Frameworks */ = {isa = PBXBuildFile; fileRef = 43ADAC475976369E42B2774D /* Pods_VegetableMall.framework */; };
		CE29618E2193CDD00063CA92 /* HomeNavLeftItemView.m in Sources */ = {isa = PBXBuildFile; fileRef = CE29618D2193CDD00063CA92 /* HomeNavLeftItemView.m */; };
		CE2961902193CDE80063CA92 /* HomeNavLeftItemView.xib in Resources */ = {isa = PBXBuildFile; fileRef = CE29618F2193CDE80063CA92 /* HomeNavLeftItemView.xib */; };
		CE296197219434EC0063CA92 /* HomeCollectionViewCell.m in Sources */ = {isa = PBXBuildFile; fileRef = CE296195219434EC0063CA92 /* HomeCollectionViewCell.m */; };
		CE296198219434EC0063CA92 /* HomeCollectionViewCell.xib in Resources */ = {isa = PBXBuildFile; fileRef = CE296196219434EC0063CA92 /* HomeCollectionViewCell.xib */; };
		CE2961A021943B7F0063CA92 /* HomeTradeCellModel.m in Sources */ = {isa = PBXBuildFile; fileRef = CE29619F21943B7F0063CA92 /* HomeTradeCellModel.m */; };
		CE29F0C0218AC4E1000E4F55 /* Notification.m in Sources */ = {isa = PBXBuildFile; fileRef = CE29F0BF218AC4E1000E4F55 /* Notification.m */; };
		CE29F0C5218AE537000E4F55 /* AlertManager.m in Sources */ = {isa = PBXBuildFile; fileRef = CE29F0C4218AE537000E4F55 /* AlertManager.m */; };
		CE29F0C8218AE570000E4F55 /* AFNetManager.m in Sources */ = {isa = PBXBuildFile; fileRef = CE29F0C7218AE570000E4F55 /* AFNetManager.m */; };
		CE29F0CE218AF58A000E4F55 /* UIView+CCView.m in Sources */ = {isa = PBXBuildFile; fileRef = CE29F0CD218AF58A000E4F55 /* UIView+CCView.m */; };
		CE29F0D1218BE8B0000E4F55 /* UIColor+CCColor.m in Sources */ = {isa = PBXBuildFile; fileRef = CE29F0D0218BE8B0000E4F55 /* UIColor+CCColor.m */; };
		CE29F0D8218C01C8000E4F55 /* UIView+Frame.m in Sources */ = {isa = PBXBuildFile; fileRef = CE29F0D7218C01C8000E4F55 /* UIView+Frame.m */; };
		CE29F0DB218C1959000E4F55 /* NSDictionary+ToJson.m in Sources */ = {isa = PBXBuildFile; fileRef = CE29F0DA218C1959000E4F55 /* NSDictionary+ToJson.m */; };
		CE29F0DE218C2042000E4F55 /* NSArray+ToJson.m in Sources */ = {isa = PBXBuildFile; fileRef = CE29F0DD218C2042000E4F55 /* NSArray+ToJson.m */; };
		CE29F0E1218C2264000E4F55 /* NSString+ToDic.m in Sources */ = {isa = PBXBuildFile; fileRef = CE29F0E0218C2264000E4F55 /* NSString+ToDic.m */; };
		CE29F0E4218C496D000E4F55 /* NSString+DisplayTime.m in Sources */ = {isa = PBXBuildFile; fileRef = CE29F0E3218C496D000E4F55 /* NSString+DisplayTime.m */; };
		CE36798F21882E2B009593F1 /* Cart.storyboard in Resources */ = {isa = PBXBuildFile; fileRef = CE36798A21882E2B009593F1 /* Cart.storyboard */; };
		CE36799021882E2B009593F1 /* PickUpGoods.storyboard in Resources */ = {isa = PBXBuildFile; fileRef = CE36798B21882E2B009593F1 /* PickUpGoods.storyboard */; };
		CE36799121882E2B009593F1 /* Home.storyboard in Resources */ = {isa = PBXBuildFile; fileRef = CE36798C21882E2B009593F1 /* Home.storyboard */; };
		CE36799221882E2B009593F1 /* Classify.storyboard in Resources */ = {isa = PBXBuildFile; fileRef = CE36798D21882E2B009593F1 /* Classify.storyboard */; };
		CE36799321882E2B009593F1 /* Mine.storyboard in Resources */ = {isa = PBXBuildFile; fileRef = CE36798E21882E2B009593F1 /* Mine.storyboard */; };
		CE9B62EA2187F7E200DFFB3F /* AppDelegate.m in Sources */ = {isa = PBXBuildFile; fileRef = CE9B62E92187F7E200DFFB3F /* AppDelegate.m */; };
		CE9B62F02187F7E200DFFB3F /* Main.storyboard in Resources */ = {isa = PBXBuildFile; fileRef = CE9B62EE2187F7E200DFFB3F /* Main.storyboard */; };
		CE9B62F22187F7E200DFFB3F /* Assets.xcassets in Resources */ = {isa = PBXBuildFile; fileRef = CE9B62F12187F7E200DFFB3F /* Assets.xcassets */; };
		CE9B62F52187F7E200DFFB3F /* LaunchScreen.storyboard in Resources */ = {isa = PBXBuildFile; fileRef = CE9B62F32187F7E200DFFB3F /* LaunchScreen.storyboard */; };
		CE9B62F82187F7E200DFFB3F /* main.m in Sources */ = {isa = PBXBuildFile; fileRef = CE9B62F72187F7E200DFFB3F /* main.m */; };
		CE9B63022187F7E200DFFB3F /* VegetableMallTests.m in Sources */ = {isa = PBXBuildFile; fileRef = CE9B63012187F7E200DFFB3F /* VegetableMallTests.m */; };
		CE9B630D2187F7E200DFFB3F /* VegetableMallUITests.m in Sources */ = {isa = PBXBuildFile; fileRef = CE9B630C2187F7E200DFFB3F /* VegetableMallUITests.m */; };
		CE9B63332187FA8000DFFB3F /* BaseModel.m in Sources */ = {isa = PBXBuildFile; fileRef = CE9B63212187FA8000DFFB3F /* BaseModel.m */; };
		CE9B63362187FC6C00DFFB3F /* Default-568h@2x.png in Resources */ = {isa = PBXBuildFile; fileRef = CE9B63352187FC6C00DFFB3F /* Default-568h@2x.png */; };
		CE9B6348218800FF00DFFB3F /* BaseViewController.m in Sources */ = {isa = PBXBuildFile; fileRef = CE9B6347218800FF00DFFB3F /* BaseViewController.m */; };
		CE9B634B2188013100DFFB3F /* CartViewController.m in Sources */ = {isa = PBXBuildFile; fileRef = CE9B634A2188013100DFFB3F /* CartViewController.m */; };
		CE9B634E2188013D00DFFB3F /* ClassifyViewController.m in Sources */ = {isa = PBXBuildFile; fileRef = CE9B634D2188013D00DFFB3F /* ClassifyViewController.m */; };
		CE9B63512188014500DFFB3F /* HomeViewController.m in Sources */ = {isa = PBXBuildFile; fileRef = CE9B63502188014500DFFB3F /* HomeViewController.m */; };
		CE9B63542188014E00DFFB3F /* MineViewController.m in Sources */ = {isa = PBXBuildFile; fileRef = CE9B63532188014E00DFFB3F /* MineViewController.m */; };
		CE9B63572188016000DFFB3F /* PickUpGoodsViewController.m in Sources */ = {isa = PBXBuildFile; fileRef = CE9B63562188016000DFFB3F /* PickUpGoodsViewController.m */; };
		CEFCB00B2195520A00102E1D /* HomeTradeWarpTableViewCell.m in Sources */ = {isa = PBXBuildFile; fileRef = CEFCB0092195520A00102E1D /* HomeTradeWarpTableViewCell.m */; };
		CEFCB00C2195520A00102E1D /* HomeTradeWarpTableViewCell.xib in Resources */ = {isa = PBXBuildFile; fileRef = CEFCB00A2195520A00102E1D /* HomeTradeWarpTableViewCell.xib */; };
		CEFCB00F2195562F00102E1D /* HomeTradeHeaderView.m in Sources */ = {isa = PBXBuildFile; fileRef = CEFCB00E2195562F00102E1D /* HomeTradeHeaderView.m */; };
		CEFCB0112195564000102E1D /* HomeTradeHeaderView.xib in Resources */ = {isa = PBXBuildFile; fileRef = CEFCB0102195564000102E1D /* HomeTradeHeaderView.xib */; };
		CEFCB0402195817F00102E1D /* DataSource.m in Sources */ = {isa = PBXBuildFile; fileRef = CEFCB03F2195817F00102E1D /* DataSource.m */; };
		CEFCB044219965FE00102E1D /* HomeIndexDataModel.m in Sources */ = {isa = PBXBuildFile; fileRef = CEFCB043219965FE00102E1D /* HomeIndexDataModel.m */; };
		CEFCB0472199755C00102E1D /* ResultModel.m in Sources */ = {isa = PBXBuildFile; fileRef = CEFCB0462199755C00102E1D /* ResultModel.m */; };
		CEFCB057219AA50C00102E1D /* HomeHeaderModel.m in Sources */ = {isa = PBXBuildFile; fileRef = CEFCB056219AA50C00102E1D /* HomeHeaderModel.m */; };
/* End PBXBuildFile section */

/* Begin PBXContainerItemProxy section */
		CE9B62FE2187F7E200DFFB3F /* PBXContainerItemProxy */ = {
			isa = PBXContainerItemProxy;
			containerPortal = CE9B62DD2187F7E200DFFB3F /* Project object */;
			proxyType = 1;
			remoteGlobalIDString = CE9B62E42187F7E200DFFB3F;
			remoteInfo = VegetableMall;
		};
		CE9B63092187F7E200DFFB3F /* PBXContainerItemProxy */ = {
			isa = PBXContainerItemProxy;
			containerPortal = CE9B62DD2187F7E200DFFB3F /* Project object */;
			proxyType = 1;
			remoteGlobalIDString = CE9B62E42187F7E200DFFB3F;
			remoteInfo = VegetableMall;
		};
/* End PBXContainerItemProxy section */

/* Begin PBXFileReference section */
		04CF7981D8A329BC6DDDFE46 /* Pods-VegetableMall.release.xcconfig */ = {isa = PBXFileReference; includeInIndex = 1; lastKnownFileType = text.xcconfig; name = "Pods-VegetableMall.release.xcconfig"; path = "Pods/Target Support Files/Pods-VegetableMall/Pods-VegetableMall.release.xcconfig"; sourceTree = "<group>"; };
		43ADAC475976369E42B2774D /* Pods_VegetableMall.framework */ = {isa = PBXFileReference; explicitFileType = wrapper.framework; includeInIndex = 0; path = Pods_VegetableMall.framework; sourceTree = BUILT_PRODUCTS_DIR; };
		CE29618C2193CDD00063CA92 /* HomeNavLeftItemView.h */ = {isa = PBXFileReference; lastKnownFileType = sourcecode.c.h; path = HomeNavLeftItemView.h; sourceTree = "<group>"; };
		CE29618D2193CDD00063CA92 /* HomeNavLeftItemView.m */ = {isa = PBXFileReference; lastKnownFileType = sourcecode.c.objc; path = HomeNavLeftItemView.m; sourceTree = "<group>"; };
		CE29618F2193CDE80063CA92 /* HomeNavLeftItemView.xib */ = {isa = PBXFileReference; lastKnownFileType = file.xib; path = HomeNavLeftItemView.xib; sourceTree = "<group>"; };
		CE296194219434EC0063CA92 /* HomeCollectionViewCell.h */ = {isa = PBXFileReference; lastKnownFileType = sourcecode.c.h; path = HomeCollectionViewCell.h; sourceTree = "<group>"; };
		CE296195219434EC0063CA92 /* HomeCollectionViewCell.m */ = {isa = PBXFileReference; lastKnownFileType = sourcecode.c.objc; path = HomeCollectionViewCell.m; sourceTree = "<group>"; };
		CE296196219434EC0063CA92 /* HomeCollectionViewCell.xib */ = {isa = PBXFileReference; lastKnownFileType = file.xib; path = HomeCollectionViewCell.xib; sourceTree = "<group>"; };
		CE29619E21943B7F0063CA92 /* HomeTradeCellModel.h */ = {isa = PBXFileReference; lastKnownFileType = sourcecode.c.h; path = HomeTradeCellModel.h; sourceTree = "<group>"; };
		CE29619F21943B7F0063CA92 /* HomeTradeCellModel.m */ = {isa = PBXFileReference; lastKnownFileType = sourcecode.c.objc; path = HomeTradeCellModel.m; sourceTree = "<group>"; };
		CE29F0BA218A9D51000E4F55 /* Url.h */ = {isa = PBXFileReference; lastKnownFileType = sourcecode.c.h; path = Url.h; sourceTree = "<group>"; };
		CE29F0BC218A9ECC000E4F55 /* Macros.h */ = {isa = PBXFileReference; lastKnownFileType = sourcecode.c.h; path = Macros.h; sourceTree = "<group>"; };
		CE29F0BD218A9ED4000E4F55 /* Header.h */ = {isa = PBXFileReference; lastKnownFileType = sourcecode.c.h; path = Header.h; sourceTree = "<group>"; };
		CE29F0BE218AC4E1000E4F55 /* Notification.h */ = {isa = PBXFileReference; lastKnownFileType = sourcecode.c.h; path = Notification.h; sourceTree = "<group>"; };
		CE29F0BF218AC4E1000E4F55 /* Notification.m */ = {isa = PBXFileReference; lastKnownFileType = sourcecode.c.objc; path = Notification.m; sourceTree = "<group>"; };
		CE29F0C3218AE537000E4F55 /* AlertManager.h */ = {isa = PBXFileReference; lastKnownFileType = sourcecode.c.h; path = AlertManager.h; sourceTree = "<group>"; };
		CE29F0C4218AE537000E4F55 /* AlertManager.m */ = {isa = PBXFileReference; lastKnownFileType = sourcecode.c.objc; path = AlertManager.m; sourceTree = "<group>"; };
		CE29F0C6218AE570000E4F55 /* AFNetManager.h */ = {isa = PBXFileReference; lastKnownFileType = sourcecode.c.h; path = AFNetManager.h; sourceTree = "<group>"; };
		CE29F0C7218AE570000E4F55 /* AFNetManager.m */ = {isa = PBXFileReference; lastKnownFileType = sourcecode.c.objc; path = AFNetManager.m; sourceTree = "<group>"; };
		CE29F0C9218AED72000E4F55 /* Tools.h */ = {isa = PBXFileReference; lastKnownFileType = sourcecode.c.h; path = Tools.h; sourceTree = "<group>"; };
		CE29F0CC218AF58A000E4F55 /* UIView+CCView.h */ = {isa = PBXFileReference; lastKnownFileType = sourcecode.c.h; path = "UIView+CCView.h"; sourceTree = "<group>"; };
		CE29F0CD218AF58A000E4F55 /* UIView+CCView.m */ = {isa = PBXFileReference; lastKnownFileType = sourcecode.c.objc; path = "UIView+CCView.m"; sourceTree = "<group>"; };
		CE29F0CF218BE8B0000E4F55 /* UIColor+CCColor.h */ = {isa = PBXFileReference; lastKnownFileType = sourcecode.c.h; path = "UIColor+CCColor.h"; sourceTree = "<group>"; };
		CE29F0D0218BE8B0000E4F55 /* UIColor+CCColor.m */ = {isa = PBXFileReference; lastKnownFileType = sourcecode.c.objc; path = "UIColor+CCColor.m"; sourceTree = "<group>"; };
		CE29F0D2218BFF7D000E4F55 /* Category.h */ = {isa = PBXFileReference; lastKnownFileType = sourcecode.c.h; path = Category.h; sourceTree = "<group>"; };
		CE29F0D6218C01C8000E4F55 /* UIView+Frame.h */ = {isa = PBXFileReference; lastKnownFileType = sourcecode.c.h; path = "UIView+Frame.h"; sourceTree = "<group>"; };
		CE29F0D7218C01C8000E4F55 /* UIView+Frame.m */ = {isa = PBXFileReference; lastKnownFileType = sourcecode.c.objc; path = "UIView+Frame.m"; sourceTree = "<group>"; };
		CE29F0D9218C1959000E4F55 /* NSDictionary+ToJson.h */ = {isa = PBXFileReference; lastKnownFileType = sourcecode.c.h; path = "NSDictionary+ToJson.h"; sourceTree = "<group>"; };
		CE29F0DA218C1959000E4F55 /* NSDictionary+ToJson.m */ = {isa = PBXFileReference; lastKnownFileType = sourcecode.c.objc; path = "NSDictionary+ToJson.m"; sourceTree = "<group>"; };
		CE29F0DC218C2042000E4F55 /* NSArray+ToJson.h */ = {isa = PBXFileReference; lastKnownFileType = sourcecode.c.h; path = "NSArray+ToJson.h"; sourceTree = "<group>"; };
		CE29F0DD218C2042000E4F55 /* NSArray+ToJson.m */ = {isa = PBXFileReference; lastKnownFileType = sourcecode.c.objc; path = "NSArray+ToJson.m"; sourceTree = "<group>"; };
		CE29F0DF218C2264000E4F55 /* NSString+ToDic.h */ = {isa = PBXFileReference; lastKnownFileType = sourcecode.c.h; path = "NSString+ToDic.h"; sourceTree = "<group>"; };
		CE29F0E0218C2264000E4F55 /* NSString+ToDic.m */ = {isa = PBXFileReference; lastKnownFileType = sourcecode.c.objc; path = "NSString+ToDic.m"; sourceTree = "<group>"; };
		CE29F0E2218C496D000E4F55 /* NSString+DisplayTime.h */ = {isa = PBXFileReference; lastKnownFileType = sourcecode.c.h; path = "NSString+DisplayTime.h"; sourceTree = "<group>"; };
		CE29F0E3218C496D000E4F55 /* NSString+DisplayTime.m */ = {isa = PBXFileReference; lastKnownFileType = sourcecode.c.objc; path = "NSString+DisplayTime.m"; sourceTree = "<group>"; };
		CE36798A21882E2B009593F1 /* Cart.storyboard */ = {isa = PBXFileReference; fileEncoding = 4; lastKnownFileType = file.storyboard; path = Cart.storyboard; sourceTree = "<group>"; };
		CE36798B21882E2B009593F1 /* PickUpGoods.storyboard */ = {isa = PBXFileReference; fileEncoding = 4; lastKnownFileType = file.storyboard; path = PickUpGoods.storyboard; sourceTree = "<group>"; };
		CE36798C21882E2B009593F1 /* Home.storyboard */ = {isa = PBXFileReference; fileEncoding = 4; lastKnownFileType = file.storyboard; path = Home.storyboard; sourceTree = "<group>"; };
		CE36798D21882E2B009593F1 /* Classify.storyboard */ = {isa = PBXFileReference; fileEncoding = 4; lastKnownFileType = file.storyboard; path = Classify.storyboard; sourceTree = "<group>"; };
		CE36798E21882E2B009593F1 /* Mine.storyboard */ = {isa = PBXFileReference; fileEncoding = 4; lastKnownFileType = file.storyboard; path = Mine.storyboard; sourceTree = "<group>"; };
		CE9B62E52187F7E200DFFB3F /* VegetableMall.app */ = {isa = PBXFileReference; explicitFileType = wrapper.application; includeInIndex = 0; path = VegetableMall.app; sourceTree = BUILT_PRODUCTS_DIR; };
		CE9B62E82187F7E200DFFB3F /* AppDelegate.h */ = {isa = PBXFileReference; lastKnownFileType = sourcecode.c.h; path = AppDelegate.h; sourceTree = "<group>"; };
		CE9B62E92187F7E200DFFB3F /* AppDelegate.m */ = {isa = PBXFileReference; lastKnownFileType = sourcecode.c.objc; path = AppDelegate.m; sourceTree = "<group>"; };
		CE9B62EF2187F7E200DFFB3F /* Base */ = {isa = PBXFileReference; lastKnownFileType = file.storyboard; name = Base; path = Base.lproj/Main.storyboard; sourceTree = "<group>"; };
		CE9B62F12187F7E200DFFB3F /* Assets.xcassets */ = {isa = PBXFileReference; lastKnownFileType = folder.assetcatalog; path = Assets.xcassets; sourceTree = "<group>"; };
		CE9B62F42187F7E200DFFB3F /* Base */ = {isa = PBXFileReference; lastKnownFileType = file.storyboard; name = Base; path = Base.lproj/LaunchScreen.storyboard; sourceTree = "<group>"; };
		CE9B62F62187F7E200DFFB3F /* Info.plist */ = {isa = PBXFileReference; lastKnownFileType = text.plist.xml; path = Info.plist; sourceTree = "<group>"; };
		CE9B62F72187F7E200DFFB3F /* main.m */ = {isa = PBXFileReference; lastKnownFileType = sourcecode.c.objc; path = main.m; sourceTree = "<group>"; };
		CE9B62FD2187F7E200DFFB3F /* VegetableMallTests.xctest */ = {isa = PBXFileReference; explicitFileType = wrapper.cfbundle; includeInIndex = 0; path = VegetableMallTests.xctest; sourceTree = BUILT_PRODUCTS_DIR; };
		CE9B63012187F7E200DFFB3F /* VegetableMallTests.m */ = {isa = PBXFileReference; lastKnownFileType = sourcecode.c.objc; path = VegetableMallTests.m; sourceTree = "<group>"; };
		CE9B63032187F7E200DFFB3F /* Info.plist */ = {isa = PBXFileReference; lastKnownFileType = text.plist.xml; path = Info.plist; sourceTree = "<group>"; };
		CE9B63082187F7E200DFFB3F /* VegetableMallUITests.xctest */ = {isa = PBXFileReference; explicitFileType = wrapper.cfbundle; includeInIndex = 0; path = VegetableMallUITests.xctest; sourceTree = BUILT_PRODUCTS_DIR; };
		CE9B630C2187F7E200DFFB3F /* VegetableMallUITests.m */ = {isa = PBXFileReference; lastKnownFileType = sourcecode.c.objc; path = VegetableMallUITests.m; sourceTree = "<group>"; };
		CE9B630E2187F7E200DFFB3F /* Info.plist */ = {isa = PBXFileReference; lastKnownFileType = text.plist.xml; path = Info.plist; sourceTree = "<group>"; };
		CE9B63212187FA8000DFFB3F /* BaseModel.m */ = {isa = PBXFileReference; fileEncoding = 4; lastKnownFileType = sourcecode.c.objc; path = BaseModel.m; sourceTree = "<group>"; };
		CE9B63222187FA8000DFFB3F /* BaseModel.h */ = {isa = PBXFileReference; fileEncoding = 4; lastKnownFileType = sourcecode.c.h; path = BaseModel.h; sourceTree = "<group>"; };
		CE9B63352187FC6C00DFFB3F /* Default-568h@2x.png */ = {isa = PBXFileReference; lastKnownFileType = image.png; path = "Default-568h@2x.png"; sourceTree = "<group>"; };
		CE9B6346218800FF00DFFB3F /* BaseViewController.h */ = {isa = PBXFileReference; lastKnownFileType = sourcecode.c.h; path = BaseViewController.h; sourceTree = "<group>"; };
		CE9B6347218800FF00DFFB3F /* BaseViewController.m */ = {isa = PBXFileReference; lastKnownFileType = sourcecode.c.objc; path = BaseViewController.m; sourceTree = "<group>"; };
		CE9B63492188013100DFFB3F /* CartViewController.h */ = {isa = PBXFileReference; lastKnownFileType = sourcecode.c.h; path = CartViewController.h; sourceTree = "<group>"; };
		CE9B634A2188013100DFFB3F /* CartViewController.m */ = {isa = PBXFileReference; lastKnownFileType = sourcecode.c.objc; path = CartViewController.m; sourceTree = "<group>"; };
		CE9B634C2188013D00DFFB3F /* ClassifyViewController.h */ = {isa = PBXFileReference; lastKnownFileType = sourcecode.c.h; path = ClassifyViewController.h; sourceTree = "<group>"; };
		CE9B634D2188013D00DFFB3F /* ClassifyViewController.m */ = {isa = PBXFileReference; lastKnownFileType = sourcecode.c.objc; path = ClassifyViewController.m; sourceTree = "<group>"; };
		CE9B634F2188014500DFFB3F /* HomeViewController.h */ = {isa = PBXFileReference; lastKnownFileType = sourcecode.c.h; path = HomeViewController.h; sourceTree = "<group>"; };
		CE9B63502188014500DFFB3F /* HomeViewController.m */ = {isa = PBXFileReference; lastKnownFileType = sourcecode.c.objc; path = HomeViewController.m; sourceTree = "<group>"; };
		CE9B63522188014E00DFFB3F /* MineViewController.h */ = {isa = PBXFileReference; lastKnownFileType = sourcecode.c.h; path = MineViewController.h; sourceTree = "<group>"; };
		CE9B63532188014E00DFFB3F /* MineViewController.m */ = {isa = PBXFileReference; lastKnownFileType = sourcecode.c.objc; path = MineViewController.m; sourceTree = "<group>"; };
		CE9B63552188016000DFFB3F /* PickUpGoodsViewController.h */ = {isa = PBXFileReference; lastKnownFileType = sourcecode.c.h; path = PickUpGoodsViewController.h; sourceTree = "<group>"; };
		CE9B63562188016000DFFB3F /* PickUpGoodsViewController.m */ = {isa = PBXFileReference; lastKnownFileType = sourcecode.c.objc; path = PickUpGoodsViewController.m; sourceTree = "<group>"; };
		CEFCB0082195520A00102E1D /* HomeTradeWarpTableViewCell.h */ = {isa = PBXFileReference; lastKnownFileType = sourcecode.c.h; path = HomeTradeWarpTableViewCell.h; sourceTree = "<group>"; };
		CEFCB0092195520A00102E1D /* HomeTradeWarpTableViewCell.m */ = {isa = PBXFileReference; lastKnownFileType = sourcecode.c.objc; path = HomeTradeWarpTableViewCell.m; sourceTree = "<group>"; };
		CEFCB00A2195520A00102E1D /* HomeTradeWarpTableViewCell.xib */ = {isa = PBXFileReference; lastKnownFileType = file.xib; path = HomeTradeWarpTableViewCell.xib; sourceTree = "<group>"; };
		CEFCB00D2195562F00102E1D /* HomeTradeHeaderView.h */ = {isa = PBXFileReference; lastKnownFileType = sourcecode.c.h; path = HomeTradeHeaderView.h; sourceTree = "<group>"; };
		CEFCB00E2195562F00102E1D /* HomeTradeHeaderView.m */ = {isa = PBXFileReference; lastKnownFileType = sourcecode.c.objc; path = HomeTradeHeaderView.m; sourceTree = "<group>"; };
		CEFCB0102195564000102E1D /* HomeTradeHeaderView.xib */ = {isa = PBXFileReference; lastKnownFileType = file.xib; path = HomeTradeHeaderView.xib; sourceTree = "<group>"; };
		CEFCB03E2195817F00102E1D /* DataSource.h */ = {isa = PBXFileReference; lastKnownFileType = sourcecode.c.h; path = DataSource.h; sourceTree = "<group>"; };
		CEFCB03F2195817F00102E1D /* DataSource.m */ = {isa = PBXFileReference; lastKnownFileType = sourcecode.c.objc; path = DataSource.m; sourceTree = "<group>"; };
		CEFCB04121990E9500102E1D /* FetchManager.h */ = {isa = PBXFileReference; lastKnownFileType = sourcecode.c.h; path = FetchManager.h; sourceTree = "<group>"; };
		CEFCB042219965FE00102E1D /* HomeIndexDataModel.h */ = {isa = PBXFileReference; lastKnownFileType = sourcecode.c.h; path = HomeIndexDataModel.h; sourceTree = "<group>"; };
		CEFCB043219965FE00102E1D /* HomeIndexDataModel.m */ = {isa = PBXFileReference; lastKnownFileType = sourcecode.c.objc; path = HomeIndexDataModel.m; sourceTree = "<group>"; };
		CEFCB0452199755C00102E1D /* ResultModel.h */ = {isa = PBXFileReference; lastKnownFileType = sourcecode.c.h; path = ResultModel.h; sourceTree = "<group>"; };
		CEFCB0462199755C00102E1D /* ResultModel.m */ = {isa = PBXFileReference; lastKnownFileType = sourcecode.c.objc; path = ResultModel.m; sourceTree = "<group>"; };
		CEFCB048219A669000102E1D /* SDKHeader.h */ = {isa = PBXFileReference; lastKnownFileType = sourcecode.c.h; path = SDKHeader.h; sourceTree = "<group>"; };
		CEFCB055219AA50C00102E1D /* HomeHeaderModel.h */ = {isa = PBXFileReference; lastKnownFileType = sourcecode.c.h; path = HomeHeaderModel.h; sourceTree = "<group>"; };
		CEFCB056219AA50C00102E1D /* HomeHeaderModel.m */ = {isa = PBXFileReference; lastKnownFileType = sourcecode.c.objc; path = HomeHeaderModel.m; sourceTree = "<group>"; };
		E2CCBEC49121DB5275399F34 /* Pods-VegetableMall.debug.xcconfig */ = {isa = PBXFileReference; includeInIndex = 1; lastKnownFileType = text.xcconfig; name = "Pods-VegetableMall.debug.xcconfig"; path = "Pods/Target Support Files/Pods-VegetableMall/Pods-VegetableMall.debug.xcconfig"; sourceTree = "<group>"; };
/* End PBXFileReference section */

/* Begin PBXFrameworksBuildPhase section */
		CE9B62E22187F7E200DFFB3F /* Frameworks */ = {
			isa = PBXFrameworksBuildPhase;
			buildActionMask = 2147483647;
			files = (
				0B5DCB00E1304266FA6CAD92 /* Pods_VegetableMall.framework in Frameworks */,
			);
			runOnlyForDeploymentPostprocessing = 0;
		};
		CE9B62FA2187F7E200DFFB3F /* Frameworks */ = {
			isa = PBXFrameworksBuildPhase;
			buildActionMask = 2147483647;
			files = (
			);
			runOnlyForDeploymentPostprocessing = 0;
		};
		CE9B63052187F7E200DFFB3F /* Frameworks */ = {
			isa = PBXFrameworksBuildPhase;
			buildActionMask = 2147483647;
			files = (
			);
			runOnlyForDeploymentPostprocessing = 0;
		};
/* End PBXFrameworksBuildPhase section */

/* Begin PBXGroup section */
		46D750E02243333DE7FF2C49 /* Frameworks */ = {
			isa = PBXGroup;
			children = (
				43ADAC475976369E42B2774D /* Pods_VegetableMall.framework */,
			);
			name = Frameworks;
			sourceTree = "<group>";
		};
		ABF375BB52D105C8DE659ADD /* Pods */ = {
			isa = PBXGroup;
			children = (
				E2CCBEC49121DB5275399F34 /* Pods-VegetableMall.debug.xcconfig */,
				04CF7981D8A329BC6DDDFE46 /* Pods-VegetableMall.release.xcconfig */,
			);
			name = Pods;
			sourceTree = "<group>";
		};
		CE29F0B8218A9C50000E4F55 /* Header */ = {
			isa = PBXGroup;
			children = (
				CE29F0BD218A9ED4000E4F55 /* Header.h */,
			);
			path = Header;
			sourceTree = "<group>";
		};
		CE29F0C1218AE512000E4F55 /* AlertManager */ = {
			isa = PBXGroup;
			children = (
				CE29F0C3218AE537000E4F55 /* AlertManager.h */,
				CE29F0C4218AE537000E4F55 /* AlertManager.m */,
			);
			path = AlertManager;
			sourceTree = "<group>";
		};
		CE29F0C2218AE512000E4F55 /* AFNetManager */ = {
			isa = PBXGroup;
			children = (
				CE29F0C6218AE570000E4F55 /* AFNetManager.h */,
				CE29F0C7218AE570000E4F55 /* AFNetManager.m */,
			);
			path = AFNetManager;
			sourceTree = "<group>";
		};
		CE29F0CB218AF4D2000E4F55 /* Category */ = {
			isa = PBXGroup;
			children = (
				CE29F0D2218BFF7D000E4F55 /* Category.h */,
				CE29F0CC218AF58A000E4F55 /* UIView+CCView.h */,
				CE29F0CD218AF58A000E4F55 /* UIView+CCView.m */,
				CE29F0D6218C01C8000E4F55 /* UIView+Frame.h */,
				CE29F0D7218C01C8000E4F55 /* UIView+Frame.m */,
				CE29F0CF218BE8B0000E4F55 /* UIColor+CCColor.h */,
				CE29F0D0218BE8B0000E4F55 /* UIColor+CCColor.m */,
				CE29F0D9218C1959000E4F55 /* NSDictionary+ToJson.h */,
				CE29F0DA218C1959000E4F55 /* NSDictionary+ToJson.m */,
				CE29F0DC218C2042000E4F55 /* NSArray+ToJson.h */,
				CE29F0DD218C2042000E4F55 /* NSArray+ToJson.m */,
				CE29F0DF218C2264000E4F55 /* NSString+ToDic.h */,
				CE29F0E0218C2264000E4F55 /* NSString+ToDic.m */,
				CE29F0E2218C496D000E4F55 /* NSString+DisplayTime.h */,
				CE29F0E3218C496D000E4F55 /* NSString+DisplayTime.m */,
			);
			path = Category;
			sourceTree = "<group>";
		};
		CE36799621883102009593F1 /* Global */ = {
			isa = PBXGroup;
			children = (
				CEFCB048219A669000102E1D /* SDKHeader.h */,
				CE29F0BA218A9D51000E4F55 /* Url.h */,
				CE29F0BC218A9ECC000E4F55 /* Macros.h */,
				CE29F0BE218AC4E1000E4F55 /* Notification.h */,
				CE29F0BF218AC4E1000E4F55 /* Notification.m */,
			);
			path = Global;
			sourceTree = "<group>";
		};
		CE9B62DC2187F7E200DFFB3F = {
			isa = PBXGroup;
			children = (
				CE9B62E72187F7E200DFFB3F /* VegetableMall */,
				CE9B63002187F7E200DFFB3F /* VegetableMallTests */,
				CE9B630B2187F7E200DFFB3F /* VegetableMallUITests */,
				CE9B62E62187F7E200DFFB3F /* Products */,
				ABF375BB52D105C8DE659ADD /* Pods */,
				46D750E02243333DE7FF2C49 /* Frameworks */,
			);
			sourceTree = "<group>";
		};
		CE9B62E62187F7E200DFFB3F /* Products */ = {
			isa = PBXGroup;
			children = (
				CE9B62E52187F7E200DFFB3F /* VegetableMall.app */,
				CE9B62FD2187F7E200DFFB3F /* VegetableMallTests.xctest */,
				CE9B63082187F7E200DFFB3F /* VegetableMallUITests.xctest */,
			);
			name = Products;
			sourceTree = "<group>";
		};
		CE9B62E72187F7E200DFFB3F /* VegetableMall */ = {
			isa = PBXGroup;
			children = (
				CE9B62E82187F7E200DFFB3F /* AppDelegate.h */,
				CE9B62E92187F7E200DFFB3F /* AppDelegate.m */,
				CE9B62F12187F7E200DFFB3F /* Assets.xcassets */,
				CE9B62F32187F7E200DFFB3F /* LaunchScreen.storyboard */,
				CE9B62F62187F7E200DFFB3F /* Info.plist */,
				CE9B62F72187F7E200DFFB3F /* main.m */,
				CE9B63352187FC6C00DFFB3F /* Default-568h@2x.png */,
				CE9B63DE218828B000DFFB3F /* Storyboard */,
				CE9B63202187FA8000DFFB3F /* Base */,
				CE9B632B2187FA8000DFFB3F /* Cart */,
				CE9B632F2187FA8000DFFB3F /* Classify */,
				CE9B631C2187FA8000DFFB3F /* Home */,
				CE9B63232187FA8000DFFB3F /* Mine */,
				CE9B63272187FA8000DFFB3F /* PickUpGoods */,
				CE9B631A2187FA7F00DFFB3F /* Resources */,
				CEFCB03D219580FB00102E1D /* DataSource */,
				CE29F0CB218AF4D2000E4F55 /* Category */,
				CE9B631B2187FA8000DFFB3F /* Tools */,
				CE36799621883102009593F1 /* Global */,
				CE29F0B8218A9C50000E4F55 /* Header */,
			);
			path = VegetableMall;
			sourceTree = "<group>";
		};
		CE9B63002187F7E200DFFB3F /* VegetableMallTests */ = {
			isa = PBXGroup;
			children = (
				CE9B63012187F7E200DFFB3F /* VegetableMallTests.m */,
				CE9B63032187F7E200DFFB3F /* Info.plist */,
			);
			path = VegetableMallTests;
			sourceTree = "<group>";
		};
		CE9B630B2187F7E200DFFB3F /* VegetableMallUITests */ = {
			isa = PBXGroup;
			children = (
				CE9B630C2187F7E200DFFB3F /* VegetableMallUITests.m */,
				CE9B630E2187F7E200DFFB3F /* Info.plist */,
			);
			path = VegetableMallUITests;
			sourceTree = "<group>";
		};
		CE9B631A2187FA7F00DFFB3F /* Resources */ = {
			isa = PBXGroup;
			children = (
			);
			path = Resources;
			sourceTree = "<group>";
		};
		CE9B631B2187FA8000DFFB3F /* Tools */ = {
			isa = PBXGroup;
			children = (
				CE29F0C9218AED72000E4F55 /* Tools.h */,
				CE29F0C2218AE512000E4F55 /* AFNetManager */,
				CE29F0C1218AE512000E4F55 /* AlertManager */,
			);
			path = Tools;
			sourceTree = "<group>";
		};
		CE9B631C2187FA8000DFFB3F /* Home */ = {
			isa = PBXGroup;
			children = (
				CE9B631D2187FA8000DFFB3F /* Controller */,
				CE9B631E2187FA8000DFFB3F /* Model */,
				CE9B631F2187FA8000DFFB3F /* View */,
			);
			path = Home;
			sourceTree = "<group>";
		};
		CE9B631D2187FA8000DFFB3F /* Controller */ = {
			isa = PBXGroup;
			children = (
				CE9B634F2188014500DFFB3F /* HomeViewController.h */,
				CE9B63502188014500DFFB3F /* HomeViewController.m */,
			);
			path = Controller;
			sourceTree = "<group>";
		};
		CE9B631E2187FA8000DFFB3F /* Model */ = {
			isa = PBXGroup;
			children = (
				CE29619E21943B7F0063CA92 /* HomeTradeCellModel.h */,
				CE29619F21943B7F0063CA92 /* HomeTradeCellModel.m */,
				CEFCB042219965FE00102E1D /* HomeIndexDataModel.h */,
				CEFCB043219965FE00102E1D /* HomeIndexDataModel.m */,
				CEFCB055219AA50C00102E1D /* HomeHeaderModel.h */,
				CEFCB056219AA50C00102E1D /* HomeHeaderModel.m */,
			);
			path = Model;
			sourceTree = "<group>";
		};
		CE9B631F2187FA8000DFFB3F /* View */ = {
			isa = PBXGroup;
			children = (
				CE29618C2193CDD00063CA92 /* HomeNavLeftItemView.h */,
				CE29618D2193CDD00063CA92 /* HomeNavLeftItemView.m */,
				CE29618F2193CDE80063CA92 /* HomeNavLeftItemView.xib */,
				CE296194219434EC0063CA92 /* HomeCollectionViewCell.h */,
				CE296195219434EC0063CA92 /* HomeCollectionViewCell.m */,
				CE296196219434EC0063CA92 /* HomeCollectionViewCell.xib */,
				CEFCB0082195520A00102E1D /* HomeTradeWarpTableViewCell.h */,
				CEFCB0092195520A00102E1D /* HomeTradeWarpTableViewCell.m */,
				CEFCB00A2195520A00102E1D /* HomeTradeWarpTableViewCell.xib */,
				CEFCB00D2195562F00102E1D /* HomeTradeHeaderView.h */,
				CEFCB00E2195562F00102E1D /* HomeTradeHeaderView.m */,
				CEFCB0102195564000102E1D /* HomeTradeHeaderView.xib */,
			);
			path = View;
			sourceTree = "<group>";
		};
		CE9B63202187FA8000DFFB3F /* Base */ = {
			isa = PBXGroup;
			children = (
				CE9B63222187FA8000DFFB3F /* BaseModel.h */,
				CE9B63212187FA8000DFFB3F /* BaseModel.m */,
				CE9B6346218800FF00DFFB3F /* BaseViewController.h */,
				CE9B6347218800FF00DFFB3F /* BaseViewController.m */,
			);
			path = Base;
			sourceTree = "<group>";
		};
		CE9B63232187FA8000DFFB3F /* Mine */ = {
			isa = PBXGroup;
			children = (
				CE9B63242187FA8000DFFB3F /* Controller */,
				CE9B63252187FA8000DFFB3F /* Model */,
				CE9B63262187FA8000DFFB3F /* View */,
			);
			path = Mine;
			sourceTree = "<group>";
		};
		CE9B63242187FA8000DFFB3F /* Controller */ = {
			isa = PBXGroup;
			children = (
				CE9B63522188014E00DFFB3F /* MineViewController.h */,
				CE9B63532188014E00DFFB3F /* MineViewController.m */,
			);
			path = Controller;
			sourceTree = "<group>";
		};
		CE9B63252187FA8000DFFB3F /* Model */ = {
			isa = PBXGroup;
			children = (
			);
			path = Model;
			sourceTree = "<group>";
		};
		CE9B63262187FA8000DFFB3F /* View */ = {
			isa = PBXGroup;
			children = (
			);
			path = View;
			sourceTree = "<group>";
		};
		CE9B63272187FA8000DFFB3F /* PickUpGoods */ = {
			isa = PBXGroup;
			children = (
				CE9B63282187FA8000DFFB3F /* Controller */,
				CE9B63292187FA8000DFFB3F /* Model */,
				CE9B632A2187FA8000DFFB3F /* View */,
			);
			path = PickUpGoods;
			sourceTree = "<group>";
		};
		CE9B63282187FA8000DFFB3F /* Controller */ = {
			isa = PBXGroup;
			children = (
				CE9B63552188016000DFFB3F /* PickUpGoodsViewController.h */,
				CE9B63562188016000DFFB3F /* PickUpGoodsViewController.m */,
			);
			path = Controller;
			sourceTree = "<group>";
		};
		CE9B63292187FA8000DFFB3F /* Model */ = {
			isa = PBXGroup;
			children = (
			);
			path = Model;
			sourceTree = "<group>";
		};
		CE9B632A2187FA8000DFFB3F /* View */ = {
			isa = PBXGroup;
			children = (
			);
			path = View;
			sourceTree = "<group>";
		};
		CE9B632B2187FA8000DFFB3F /* Cart */ = {
			isa = PBXGroup;
			children = (
				CE9B632C2187FA8000DFFB3F /* Controller */,
				CE9B632D2187FA8000DFFB3F /* Model */,
				CE9B632E2187FA8000DFFB3F /* View */,
			);
			path = Cart;
			sourceTree = "<group>";
		};
		CE9B632C2187FA8000DFFB3F /* Controller */ = {
			isa = PBXGroup;
			children = (
				CE9B63492188013100DFFB3F /* CartViewController.h */,
				CE9B634A2188013100DFFB3F /* CartViewController.m */,
			);
			path = Controller;
			sourceTree = "<group>";
		};
		CE9B632D2187FA8000DFFB3F /* Model */ = {
			isa = PBXGroup;
			children = (
			);
			path = Model;
			sourceTree = "<group>";
		};
		CE9B632E2187FA8000DFFB3F /* View */ = {
			isa = PBXGroup;
			children = (
			);
			path = View;
			sourceTree = "<group>";
		};
		CE9B632F2187FA8000DFFB3F /* Classify */ = {
			isa = PBXGroup;
			children = (
				CE9B63302187FA8000DFFB3F /* Controller */,
				CE9B63312187FA8000DFFB3F /* Model */,
				CE9B63322187FA8000DFFB3F /* View */,
			);
			path = Classify;
			sourceTree = "<group>";
		};
		CE9B63302187FA8000DFFB3F /* Controller */ = {
			isa = PBXGroup;
			children = (
				CE9B634C2188013D00DFFB3F /* ClassifyViewController.h */,
				CE9B634D2188013D00DFFB3F /* ClassifyViewController.m */,
			);
			path = Controller;
			sourceTree = "<group>";
		};
		CE9B63312187FA8000DFFB3F /* Model */ = {
			isa = PBXGroup;
			children = (
			);
			path = Model;
			sourceTree = "<group>";
		};
		CE9B63322187FA8000DFFB3F /* View */ = {
			isa = PBXGroup;
			children = (
			);
			path = View;
			sourceTree = "<group>";
		};
		CE9B63DE218828B000DFFB3F /* Storyboard */ = {
			isa = PBXGroup;
			children = (
				CE9B62EE2187F7E200DFFB3F /* Main.storyboard */,
				CE36798E21882E2B009593F1 /* Mine.storyboard */,
				CE36798B21882E2B009593F1 /* PickUpGoods.storyboard */,
				CE36798A21882E2B009593F1 /* Cart.storyboard */,
				CE36798D21882E2B009593F1 /* Classify.storyboard */,
				CE36798C21882E2B009593F1 /* Home.storyboard */,
			);
			path = Storyboard;
			sourceTree = "<group>";
		};
		CEFCB03D219580FB00102E1D /* DataSource */ = {
			isa = PBXGroup;
			children = (
				CEFCB04121990E9500102E1D /* FetchManager.h */,
				CEFCB0452199755C00102E1D /* ResultModel.h */,
				CEFCB0462199755C00102E1D /* ResultModel.m */,
				CEFCB03E2195817F00102E1D /* DataSource.h */,
				CEFCB03F2195817F00102E1D /* DataSource.m */,
			);
			path = DataSource;
			sourceTree = "<group>";
		};
/* End PBXGroup section */

/* Begin PBXNativeTarget section */
		CE9B62E42187F7E200DFFB3F /* VegetableMall */ = {
			isa = PBXNativeTarget;
			buildConfigurationList = CE9B63112187F7E200DFFB3F /* Build configuration list for PBXNativeTarget "VegetableMall" */;
			buildPhases = (
				B61320DE2F99CE8A2612BB70 /* [CP] Check Pods Manifest.lock */,
				CE9B62E12187F7E200DFFB3F /* Sources */,
				CE9B62E22187F7E200DFFB3F /* Frameworks */,
				CE9B62E32187F7E200DFFB3F /* Resources */,
				77276E0407D4FB50DB20CDB7 /* [CP] Embed Pods Frameworks */,
			);
			buildRules = (
			);
			dependencies = (
			);
			name = VegetableMall;
			productName = VegetableMall;
			productReference = CE9B62E52187F7E200DFFB3F /* VegetableMall.app */;
			productType = "com.apple.product-type.application";
		};
		CE9B62FC2187F7E200DFFB3F /* VegetableMallTests */ = {
			isa = PBXNativeTarget;
			buildConfigurationList = CE9B63142187F7E200DFFB3F /* Build configuration list for PBXNativeTarget "VegetableMallTests" */;
			buildPhases = (
				CE9B62F92187F7E200DFFB3F /* Sources */,
				CE9B62FA2187F7E200DFFB3F /* Frameworks */,
				CE9B62FB2187F7E200DFFB3F /* Resources */,
			);
			buildRules = (
			);
			dependencies = (
				CE9B62FF2187F7E200DFFB3F /* PBXTargetDependency */,
			);
			name = VegetableMallTests;
			productName = VegetableMallTests;
			productReference = CE9B62FD2187F7E200DFFB3F /* VegetableMallTests.xctest */;
			productType = "com.apple.product-type.bundle.unit-test";
		};
		CE9B63072187F7E200DFFB3F /* VegetableMallUITests */ = {
			isa = PBXNativeTarget;
			buildConfigurationList = CE9B63172187F7E200DFFB3F /* Build configuration list for PBXNativeTarget "VegetableMallUITests" */;
			buildPhases = (
				CE9B63042187F7E200DFFB3F /* Sources */,
				CE9B63052187F7E200DFFB3F /* Frameworks */,
				CE9B63062187F7E200DFFB3F /* Resources */,
			);
			buildRules = (
			);
			dependencies = (
				CE9B630A2187F7E200DFFB3F /* PBXTargetDependency */,
			);
			name = VegetableMallUITests;
			productName = VegetableMallUITests;
			productReference = CE9B63082187F7E200DFFB3F /* VegetableMallUITests.xctest */;
			productType = "com.apple.product-type.bundle.ui-testing";
		};
/* End PBXNativeTarget section */

/* Begin PBXProject section */
		CE9B62DD2187F7E200DFFB3F /* Project object */ = {
			isa = PBXProject;
			attributes = {
				LastUpgradeCheck = 1000;
				ORGANIZATIONNAME = madingshouyou;
				TargetAttributes = {
					CE9B62E42187F7E200DFFB3F = {
						CreatedOnToolsVersion = 10.0;
					};
					CE9B62FC2187F7E200DFFB3F = {
						CreatedOnToolsVersion = 10.0;
						TestTargetID = CE9B62E42187F7E200DFFB3F;
					};
					CE9B63072187F7E200DFFB3F = {
						CreatedOnToolsVersion = 10.0;
						TestTargetID = CE9B62E42187F7E200DFFB3F;
					};
				};
			};
			buildConfigurationList = CE9B62E02187F7E200DFFB3F /* Build configuration list for PBXProject "VegetableMall" */;
			compatibilityVersion = "Xcode 9.3";
			developmentRegion = en;
			hasScannedForEncodings = 0;
			knownRegions = (
				en,
				Base,
			);
			mainGroup = CE9B62DC2187F7E200DFFB3F;
			productRefGroup = CE9B62E62187F7E200DFFB3F /* Products */;
			projectDirPath = "";
			projectRoot = "";
			targets = (
				CE9B62E42187F7E200DFFB3F /* VegetableMall */,
				CE9B62FC2187F7E200DFFB3F /* VegetableMallTests */,
				CE9B63072187F7E200DFFB3F /* VegetableMallUITests */,
			);
		};
/* End PBXProject section */

/* Begin PBXResourcesBuildPhase section */
		CE9B62E32187F7E200DFFB3F /* Resources */ = {
			isa = PBXResourcesBuildPhase;
			buildActionMask = 2147483647;
			files = (
				CE36799221882E2B009593F1 /* Classify.storyboard in Resources */,
				CE2961902193CDE80063CA92 /* HomeNavLeftItemView.xib in Resources */,
				CE36799121882E2B009593F1 /* Home.storyboard in Resources */,
				CE9B62F52187F7E200DFFB3F /* LaunchScreen.storyboard in Resources */,
				CEFCB00C2195520A00102E1D /* HomeTradeWarpTableViewCell.xib in Resources */,
				CEFCB0112195564000102E1D /* HomeTradeHeaderView.xib in Resources */,
				CE36799321882E2B009593F1 /* Mine.storyboard in Resources */,
				CE9B63362187FC6C00DFFB3F /* Default-568h@2x.png in Resources */,
				CE9B62F22187F7E200DFFB3F /* Assets.xcassets in Resources */,
				CE36799021882E2B009593F1 /* PickUpGoods.storyboard in Resources */,
				CE296198219434EC0063CA92 /* HomeCollectionViewCell.xib in Resources */,
				CE36798F21882E2B009593F1 /* Cart.storyboard in Resources */,
				CE9B62F02187F7E200DFFB3F /* Main.storyboard in Resources */,
			);
			runOnlyForDeploymentPostprocessing = 0;
		};
		CE9B62FB2187F7E200DFFB3F /* Resources */ = {
			isa = PBXResourcesBuildPhase;
			buildActionMask = 2147483647;
			files = (
			);
			runOnlyForDeploymentPostprocessing = 0;
		};
		CE9B63062187F7E200DFFB3F /* Resources */ = {
			isa = PBXResourcesBuildPhase;
			buildActionMask = 2147483647;
			files = (
			);
			runOnlyForDeploymentPostprocessing = 0;
		};
/* End PBXResourcesBuildPhase section */

/* Begin PBXShellScriptBuildPhase section */
		77276E0407D4FB50DB20CDB7 /* [CP] Embed Pods Frameworks */ = {
			isa = PBXShellScriptBuildPhase;
			buildActionMask = 2147483647;
			files = (
			);
			inputPaths = (
				"${SRCROOT}/Pods/Target Support Files/Pods-VegetableMall/Pods-VegetableMall-frameworks.sh",
				"${BUILT_PRODUCTS_DIR}/AFNetworking/AFNetworking.framework",
				"${BUILT_PRODUCTS_DIR}/BRPickerView/BRPickerView.framework",
				"${BUILT_PRODUCTS_DIR}/DZNEmptyDataSet/DZNEmptyDataSet.framework",
				"${BUILT_PRODUCTS_DIR}/FMDB/FMDB.framework",
				"${BUILT_PRODUCTS_DIR}/IQKeyboardManager/IQKeyboardManager.framework",
				"${BUILT_PRODUCTS_DIR}/MBProgressHUD/MBProgressHUD.framework",
				"${BUILT_PRODUCTS_DIR}/MJExtension/MJExtension.framework",
				"${BUILT_PRODUCTS_DIR}/MJRefresh/MJRefresh.framework",
				"${BUILT_PRODUCTS_DIR}/SDCycleScrollView/SDCycleScrollView.framework",
				"${BUILT_PRODUCTS_DIR}/SDWebImage/SDWebImage.framework",
				"${BUILT_PRODUCTS_DIR}/SVProgressHUD/SVProgressHUD.framework",
				"${BUILT_PRODUCTS_DIR}/TZImagePickerController/TZImagePickerController.framework",
			);
			name = "[CP] Embed Pods Frameworks";
			outputPaths = (
				"${TARGET_BUILD_DIR}/${FRAMEWORKS_FOLDER_PATH}/AFNetworking.framework",
				"${TARGET_BUILD_DIR}/${FRAMEWORKS_FOLDER_PATH}/BRPickerView.framework",
				"${TARGET_BUILD_DIR}/${FRAMEWORKS_FOLDER_PATH}/DZNEmptyDataSet.framework",
				"${TARGET_BUILD_DIR}/${FRAMEWORKS_FOLDER_PATH}/FMDB.framework",
				"${TARGET_BUILD_DIR}/${FRAMEWORKS_FOLDER_PATH}/IQKeyboardManager.framework",
				"${TARGET_BUILD_DIR}/${FRAMEWORKS_FOLDER_PATH}/MBProgressHUD.framework",
				"${TARGET_BUILD_DIR}/${FRAMEWORKS_FOLDER_PATH}/MJExtension.framework",
				"${TARGET_BUILD_DIR}/${FRAMEWORKS_FOLDER_PATH}/MJRefresh.framework",
				"${TARGET_BUILD_DIR}/${FRAMEWORKS_FOLDER_PATH}/SDCycleScrollView.framework",
				"${TARGET_BUILD_DIR}/${FRAMEWORKS_FOLDER_PATH}/SDWebImage.framework",
				"${TARGET_BUILD_DIR}/${FRAMEWORKS_FOLDER_PATH}/SVProgressHUD.framework",
				"${TARGET_BUILD_DIR}/${FRAMEWORKS_FOLDER_PATH}/TZImagePickerController.framework",
			);
			runOnlyForDeploymentPostprocessing = 0;
			shellPath = /bin/sh;
			shellScript = "\"${SRCROOT}/Pods/Target Support Files/Pods-VegetableMall/Pods-VegetableMall-frameworks.sh\"\n";
			showEnvVarsInLog = 0;
		};
		B61320DE2F99CE8A2612BB70 /* [CP] Check Pods Manifest.lock */ = {
			isa = PBXShellScriptBuildPhase;
			buildActionMask = 2147483647;
			files = (
			);
			inputPaths = (
				"${PODS_PODFILE_DIR_PATH}/Podfile.lock",
				"${PODS_ROOT}/Manifest.lock",
			);
			name = "[CP] Check Pods Manifest.lock";
			outputPaths = (
				"$(DERIVED_FILE_DIR)/Pods-VegetableMall-checkManifestLockResult.txt",
			);
			runOnlyForDeploymentPostprocessing = 0;
			shellPath = /bin/sh;
			shellScript = "diff \"${PODS_PODFILE_DIR_PATH}/Podfile.lock\" \"${PODS_ROOT}/Manifest.lock\" > /dev/null\nif [ $? != 0 ] ; then\n    # print error to STDERR\n    echo \"error: The sandbox is not in sync with the Podfile.lock. Run 'pod install' or update your CocoaPods installation.\" >&2\n    exit 1\nfi\n# This output is used by Xcode 'outputs' to avoid re-running this script phase.\necho \"SUCCESS\" > \"${SCRIPT_OUTPUT_FILE_0}\"\n";
			showEnvVarsInLog = 0;
		};
/* End PBXShellScriptBuildPhase section */

/* Begin PBXSourcesBuildPhase section */
		CE9B62E12187F7E200DFFB3F /* Sources */ = {
			isa = PBXSourcesBuildPhase;
			buildActionMask = 2147483647;
			files = (
				CE9B63572188016000DFFB3F /* PickUpGoodsViewController.m in Sources */,
				CE9B634E2188013D00DFFB3F /* ClassifyViewController.m in Sources */,
				CE29F0C5218AE537000E4F55 /* AlertManager.m in Sources */,
				CE29F0D8218C01C8000E4F55 /* UIView+Frame.m in Sources */,
				CEFCB00B2195520A00102E1D /* HomeTradeWarpTableViewCell.m in Sources */,
				CEFCB00F2195562F00102E1D /* HomeTradeHeaderView.m in Sources */,
				CEFCB0402195817F00102E1D /* DataSource.m in Sources */,
				CE29F0C0218AC4E1000E4F55 /* Notification.m in Sources */,
				CE29F0E1218C2264000E4F55 /* NSString+ToDic.m in Sources */,
				CE9B63332187FA8000DFFB3F /* BaseModel.m in Sources */,
				CE9B634B2188013100DFFB3F /* CartViewController.m in Sources */,
				CE29F0E4218C496D000E4F55 /* NSString+DisplayTime.m in Sources */,
				CE29F0CE218AF58A000E4F55 /* UIView+CCView.m in Sources */,
				CE29F0DE218C2042000E4F55 /* NSArray+ToJson.m in Sources */,
				CE296197219434EC0063CA92 /* HomeCollectionViewCell.m in Sources */,
				CE9B6348218800FF00DFFB3F /* BaseViewController.m in Sources */,
				CE2961A021943B7F0063CA92 /* HomeTradeCellModel.m in Sources */,
				CE9B62F82187F7E200DFFB3F /* main.m in Sources */,
				CEFCB0472199755C00102E1D /* ResultModel.m in Sources */,
				CEFCB057219AA50C00102E1D /* HomeHeaderModel.m in Sources */,
				CE9B63512188014500DFFB3F /* HomeViewController.m in Sources */,
				CE9B62EA2187F7E200DFFB3F /* AppDelegate.m in Sources */,
				CE29F0D1218BE8B0000E4F55 /* UIColor+CCColor.m in Sources */,
				CEFCB044219965FE00102E1D /* HomeIndexDataModel.m in Sources */,
				CE29F0C8218AE570000E4F55 /* AFNetManager.m in Sources */,
				CE9B63542188014E00DFFB3F /* MineViewController.m in Sources */,
				CE29F0DB218C1959000E4F55 /* NSDictionary+ToJson.m in Sources */,
				CE29618E2193CDD00063CA92 /* HomeNavLeftItemView.m in Sources */,
			);
			runOnlyForDeploymentPostprocessing = 0;
		};
		CE9B62F92187F7E200DFFB3F /* Sources */ = {
			isa = PBXSourcesBuildPhase;
			buildActionMask = 2147483647;
			files = (
				CE9B63022187F7E200DFFB3F /* VegetableMallTests.m in Sources */,
			);
			runOnlyForDeploymentPostprocessing = 0;
		};
		CE9B63042187F7E200DFFB3F /* Sources */ = {
			isa = PBXSourcesBuildPhase;
			buildActionMask = 2147483647;
			files = (
				CE9B630D2187F7E200DFFB3F /* VegetableMallUITests.m in Sources */,
			);
			runOnlyForDeploymentPostprocessing = 0;
		};
/* End PBXSourcesBuildPhase section */

/* Begin PBXTargetDependency section */
		CE9B62FF2187F7E200DFFB3F /* PBXTargetDependency */ = {
			isa = PBXTargetDependency;
			target = CE9B62E42187F7E200DFFB3F /* VegetableMall */;
			targetProxy = CE9B62FE2187F7E200DFFB3F /* PBXContainerItemProxy */;
		};
		CE9B630A2187F7E200DFFB3F /* PBXTargetDependency */ = {
			isa = PBXTargetDependency;
			target = CE9B62E42187F7E200DFFB3F /* VegetableMall */;
			targetProxy = CE9B63092187F7E200DFFB3F /* PBXContainerItemProxy */;
		};
/* End PBXTargetDependency section */

/* Begin PBXVariantGroup section */
		CE9B62EE2187F7E200DFFB3F /* Main.storyboard */ = {
			isa = PBXVariantGroup;
			children = (
				CE9B62EF2187F7E200DFFB3F /* Base */,
			);
			name = Main.storyboard;
			sourceTree = "<group>";
		};
		CE9B62F32187F7E200DFFB3F /* LaunchScreen.storyboard */ = {
			isa = PBXVariantGroup;
			children = (
				CE9B62F42187F7E200DFFB3F /* Base */,
			);
			name = LaunchScreen.storyboard;
			sourceTree = "<group>";
		};
/* End PBXVariantGroup section */

/* Begin XCBuildConfiguration section */
		CE9B630F2187F7E200DFFB3F /* Debug */ = {
			isa = XCBuildConfiguration;
			buildSettings = {
				ALWAYS_SEARCH_USER_PATHS = NO;
				CLANG_ANALYZER_NONNULL = YES;
				CLANG_ANALYZER_NUMBER_OBJECT_CONVERSION = YES_AGGRESSIVE;
				CLANG_CXX_LANGUAGE_STANDARD = "gnu++14";
				CLANG_CXX_LIBRARY = "libc++";
				CLANG_ENABLE_MODULES = YES;
				CLANG_ENABLE_OBJC_ARC = YES;
				CLANG_ENABLE_OBJC_WEAK = YES;
				CLANG_WARN_BLOCK_CAPTURE_AUTORELEASING = YES;
				CLANG_WARN_BOOL_CONVERSION = YES;
				CLANG_WARN_COMMA = YES;
				CLANG_WARN_CONSTANT_CONVERSION = YES;
				CLANG_WARN_DEPRECATED_OBJC_IMPLEMENTATIONS = YES;
				CLANG_WARN_DIRECT_OBJC_ISA_USAGE = YES_ERROR;
				CLANG_WARN_DOCUMENTATION_COMMENTS = YES;
				CLANG_WARN_EMPTY_BODY = YES;
				CLANG_WARN_ENUM_CONVERSION = YES;
				CLANG_WARN_INFINITE_RECURSION = YES;
				CLANG_WARN_INT_CONVERSION = YES;
				CLANG_WARN_NON_LITERAL_NULL_CONVERSION = YES;
				CLANG_WARN_OBJC_IMPLICIT_RETAIN_SELF = YES;
				CLANG_WARN_OBJC_LITERAL_CONVERSION = YES;
				CLANG_WARN_OBJC_ROOT_CLASS = YES_ERROR;
				CLANG_WARN_RANGE_LOOP_ANALYSIS = YES;
				CLANG_WARN_STRICT_PROTOTYPES = YES;
				CLANG_WARN_SUSPICIOUS_MOVE = YES;
				CLANG_WARN_UNGUARDED_AVAILABILITY = YES_AGGRESSIVE;
				CLANG_WARN_UNREACHABLE_CODE = YES;
				CLANG_WARN__DUPLICATE_METHOD_MATCH = YES;
				CODE_SIGN_IDENTITY = "iPhone Developer";
				COPY_PHASE_STRIP = NO;
				DEBUG_INFORMATION_FORMAT = dwarf;
				ENABLE_STRICT_OBJC_MSGSEND = YES;
				ENABLE_TESTABILITY = YES;
				GCC_C_LANGUAGE_STANDARD = gnu11;
				GCC_DYNAMIC_NO_PIC = NO;
				GCC_NO_COMMON_BLOCKS = YES;
				GCC_OPTIMIZATION_LEVEL = 0;
				GCC_PREPROCESSOR_DEFINITIONS = (
					"DEBUG=1",
					"$(inherited)",
				);
				GCC_WARN_64_TO_32_BIT_CONVERSION = YES;
				GCC_WARN_ABOUT_RETURN_TYPE = YES_ERROR;
				GCC_WARN_UNDECLARED_SELECTOR = YES;
				GCC_WARN_UNINITIALIZED_AUTOS = YES_AGGRESSIVE;
				GCC_WARN_UNUSED_FUNCTION = YES;
				GCC_WARN_UNUSED_VARIABLE = YES;
				IPHONEOS_DEPLOYMENT_TARGET = 12.0;
				MTL_ENABLE_DEBUG_INFO = INCLUDE_SOURCE;
				MTL_FAST_MATH = YES;
				ONLY_ACTIVE_ARCH = YES;
				SDKROOT = iphoneos;
			};
			name = Debug;
		};
		CE9B63102187F7E200DFFB3F /* Release */ = {
			isa = XCBuildConfiguration;
			buildSettings = {
				ALWAYS_SEARCH_USER_PATHS = NO;
				CLANG_ANALYZER_NONNULL = YES;
				CLANG_ANALYZER_NUMBER_OBJECT_CONVERSION = YES_AGGRESSIVE;
				CLANG_CXX_LANGUAGE_STANDARD = "gnu++14";
				CLANG_CXX_LIBRARY = "libc++";
				CLANG_ENABLE_MODULES = YES;
				CLANG_ENABLE_OBJC_ARC = YES;
				CLANG_ENABLE_OBJC_WEAK = YES;
				CLANG_WARN_BLOCK_CAPTURE_AUTORELEASING = YES;
				CLANG_WARN_BOOL_CONVERSION = YES;
				CLANG_WARN_COMMA = YES;
				CLANG_WARN_CONSTANT_CONVERSION = YES;
				CLANG_WARN_DEPRECATED_OBJC_IMPLEMENTATIONS = YES;
				CLANG_WARN_DIRECT_OBJC_ISA_USAGE = YES_ERROR;
				CLANG_WARN_DOCUMENTATION_COMMENTS = YES;
				CLANG_WARN_EMPTY_BODY = YES;
				CLANG_WARN_ENUM_CONVERSION = YES;
				CLANG_WARN_INFINITE_RECURSION = YES;
				CLANG_WARN_INT_CONVERSION = YES;
				CLANG_WARN_NON_LITERAL_NULL_CONVERSION = YES;
				CLANG_WARN_OBJC_IMPLICIT_RETAIN_SELF = YES;
				CLANG_WARN_OBJC_LITERAL_CONVERSION = YES;
				CLANG_WARN_OBJC_ROOT_CLASS = YES_ERROR;
				CLANG_WARN_RANGE_LOOP_ANALYSIS = YES;
				CLANG_WARN_STRICT_PROTOTYPES = YES;
				CLANG_WARN_SUSPICIOUS_MOVE = YES;
				CLANG_WARN_UNGUARDED_AVAILABILITY = YES_AGGRESSIVE;
				CLANG_WARN_UNREACHABLE_CODE = YES;
				CLANG_WARN__DUPLICATE_METHOD_MATCH = YES;
				CODE_SIGN_IDENTITY = "iPhone Developer";
				COPY_PHASE_STRIP = NO;
				DEBUG_INFORMATION_FORMAT = "dwarf-with-dsym";
				ENABLE_NS_ASSERTIONS = NO;
				ENABLE_STRICT_OBJC_MSGSEND = YES;
				GCC_C_LANGUAGE_STANDARD = gnu11;
				GCC_NO_COMMON_BLOCKS = YES;
				GCC_WARN_64_TO_32_BIT_CONVERSION = YES;
				GCC_WARN_ABOUT_RETURN_TYPE = YES_ERROR;
				GCC_WARN_UNDECLARED_SELECTOR = YES;
				GCC_WARN_UNINITIALIZED_AUTOS = YES_AGGRESSIVE;
				GCC_WARN_UNUSED_FUNCTION = YES;
				GCC_WARN_UNUSED_VARIABLE = YES;
				IPHONEOS_DEPLOYMENT_TARGET = 12.0;
				MTL_ENABLE_DEBUG_INFO = NO;
				MTL_FAST_MATH = YES;
				SDKROOT = iphoneos;
				VALIDATE_PRODUCT = YES;
			};
			name = Release;
		};
		CE9B63122187F7E200DFFB3F /* Debug */ = {
			isa = XCBuildConfiguration;
			baseConfigurationReference = E2CCBEC49121DB5275399F34 /* Pods-VegetableMall.debug.xcconfig */;
			buildSettings = {
				ASSETCATALOG_COMPILER_APPICON_NAME = AppIcon;
				CODE_SIGN_STYLE = Automatic;
				DEVELOPMENT_TEAM = 4PYV397ERW;
				GCC_PREFIX_HEADER = "$(SRCROOT)/VegetableMall/Header/Header.h";
				INFOPLIST_FILE = VegetableMall/Info.plist;
				LD_RUNPATH_SEARCH_PATHS = (
					"$(inherited)",
					"@executable_path/Frameworks",
				);
				PRODUCT_BUNDLE_IDENTIFIER = com.guanpu.VegetableMall;
				PRODUCT_NAME = "$(TARGET_NAME)";
				TARGETED_DEVICE_FAMILY = "1,2";
			};
			name = Debug;
		};
		CE9B63132187F7E200DFFB3F /* Release */ = {
			isa = XCBuildConfiguration;
			baseConfigurationReference = 04CF7981D8A329BC6DDDFE46 /* Pods-VegetableMall.release.xcconfig */;
			buildSettings = {
				ASSETCATALOG_COMPILER_APPICON_NAME = AppIcon;
				CODE_SIGN_STYLE = Automatic;
				DEVELOPMENT_TEAM = 4PYV397ERW;
				GCC_PREFIX_HEADER = "$(SRCROOT)/VegetableMall/Header/Header.h";
				INFOPLIST_FILE = VegetableMall/Info.plist;
				LD_RUNPATH_SEARCH_PATHS = (
					"$(inherited)",
					"@executable_path/Frameworks",
				);
				PRODUCT_BUNDLE_IDENTIFIER = com.guanpu.VegetableMall;
				PRODUCT_NAME = "$(TARGET_NAME)";
				TARGETED_DEVICE_FAMILY = "1,2";
			};
			name = Release;
		};
		CE9B63152187F7E200DFFB3F /* Debug */ = {
			isa = XCBuildConfiguration;
			buildSettings = {
				BUNDLE_LOADER = "$(TEST_HOST)";
				CODE_SIGN_STYLE = Automatic;
				DEVELOPMENT_TEAM = 4PYV397ERW;
				INFOPLIST_FILE = VegetableMallTests/Info.plist;
				LD_RUNPATH_SEARCH_PATHS = (
					"$(inherited)",
					"@executable_path/Frameworks",
					"@loader_path/Frameworks",
				);
				PRODUCT_BUNDLE_IDENTIFIER = com.guanpu.VegetableMallTests;
				PRODUCT_NAME = "$(TARGET_NAME)";
				TARGETED_DEVICE_FAMILY = "1,2";
				TEST_HOST = "$(BUILT_PRODUCTS_DIR)/VegetableMall.app/VegetableMall";
			};
			name = Debug;
		};
		CE9B63162187F7E200DFFB3F /* Release */ = {
			isa = XCBuildConfiguration;
			buildSettings = {
				BUNDLE_LOADER = "$(TEST_HOST)";
				CODE_SIGN_STYLE = Automatic;
				DEVELOPMENT_TEAM = 4PYV397ERW;
				INFOPLIST_FILE = VegetableMallTests/Info.plist;
				LD_RUNPATH_SEARCH_PATHS = (
					"$(inherited)",
					"@executable_path/Frameworks",
					"@loader_path/Frameworks",
				);
				PRODUCT_BUNDLE_IDENTIFIER = com.guanpu.VegetableMallTests;
				PRODUCT_NAME = "$(TARGET_NAME)";
				TARGETED_DEVICE_FAMILY = "1,2";
				TEST_HOST = "$(BUILT_PRODUCTS_DIR)/VegetableMall.app/VegetableMall";
			};
			name = Release;
		};
		CE9B63182187F7E200DFFB3F /* Debug */ = {
			isa = XCBuildConfiguration;
			buildSettings = {
				CODE_SIGN_STYLE = Automatic;
				DEVELOPMENT_TEAM = 4PYV397ERW;
				INFOPLIST_FILE = VegetableMallUITests/Info.plist;
				LD_RUNPATH_SEARCH_PATHS = (
					"$(inherited)",
					"@executable_path/Frameworks",
					"@loader_path/Frameworks",
				);
				PRODUCT_BUNDLE_IDENTIFIER = com.guanpu.VegetableMallUITests;
				PRODUCT_NAME = "$(TARGET_NAME)";
				TARGETED_DEVICE_FAMILY = "1,2";
				TEST_TARGET_NAME = VegetableMall;
			};
			name = Debug;
		};
		CE9B63192187F7E200DFFB3F /* Release */ = {
			isa = XCBuildConfiguration;
			buildSettings = {
				CODE_SIGN_STYLE = Automatic;
				DEVELOPMENT_TEAM = 4PYV397ERW;
				INFOPLIST_FILE = VegetableMallUITests/Info.plist;
				LD_RUNPATH_SEARCH_PATHS = (
					"$(inherited)",
					"@executable_path/Frameworks",
					"@loader_path/Frameworks",
				);
				PRODUCT_BUNDLE_IDENTIFIER = com.guanpu.VegetableMallUITests;
				PRODUCT_NAME = "$(TARGET_NAME)";
				TARGETED_DEVICE_FAMILY = "1,2";
				TEST_TARGET_NAME = VegetableMall;
			};
			name = Release;
		};
/* End XCBuildConfiguration section */

/* Begin XCConfigurationList section */
		CE9B62E02187F7E200DFFB3F /* Build configuration list for PBXProject "VegetableMall" */ = {
			isa = XCConfigurationList;
			buildConfigurations = (
				CE9B630F2187F7E200DFFB3F /* Debug */,
				CE9B63102187F7E200DFFB3F /* Release */,
			);
			defaultConfigurationIsVisible = 0;
			defaultConfigurationName = Release;
		};
		CE9B63112187F7E200DFFB3F /* Build configuration list for PBXNativeTarget "VegetableMall" */ = {
			isa = XCConfigurationList;
			buildConfigurations = (
				CE9B63122187F7E200DFFB3F /* Debug */,
				CE9B63132187F7E200DFFB3F /* Release */,
			);
			defaultConfigurationIsVisible = 0;
			defaultConfigurationName = Release;
		};
		CE9B63142187F7E200DFFB3F /* Build configuration list for PBXNativeTarget "VegetableMallTests" */ = {
			isa = XCConfigurationList;
			buildConfigurations = (
				CE9B63152187F7E200DFFB3F /* Debug */,
				CE9B63162187F7E200DFFB3F /* Release */,
			);
			defaultConfigurationIsVisible = 0;
			defaultConfigurationName = Release;
		};
		CE9B63172187F7E200DFFB3F /* Build configuration list for PBXNativeTarget "VegetableMallUITests" */ = {
			isa = XCConfigurationList;
			buildConfigurations = (
				CE9B63182187F7E200DFFB3F /* Debug */,
				CE9B63192187F7E200DFFB3F /* Release */,
			);
			defaultConfigurationIsVisible = 0;
			defaultConfigurationName = Release;
		};
/* End XCConfigurationList section */
	};
	rootObject = CE9B62DD2187F7E200DFFB3F /* Project object */;
}
